<?xml version="1.0" encoding="utf-8"?>
<Project ToolsVersion="4.0" xmlns="http://schemas.microsoft.com/developer/msbuild/2003">
  <ItemGroup>
    <Filter Include="소스 파일">
      <UniqueIdentifier>{4FC737F1-C7A5-4376-A066-2A32D752A2FF}</UniqueIdentifier>
      <Extensions>cpp;c;cc;cxx;def;odl;idl;hpj;bat;asm;asmx</Extensions>
    </Filter>
    <Filter Include="헤더 파일">
      <UniqueIdentifier>{93995380-89BD-4b04-88EB-625FBE52EBFB}</UniqueIdentifier>
      <Extensions>h;hh;hpp;hxx;hm;inl;inc;ipp;xsd</Extensions>
    </Filter>
    <Filter Include="리소스 파일">
      <UniqueIdentifier>{67DA6AB6-F800-4c08-8B7A-83BB121AAD01}</UniqueIdentifier>
      <Extensions>rc;ico;cur;bmp;dlg;rc2;rct;bin;rgs;gif;jpg;jpeg;jpe;resx;tiff;tif;png;wav;mfcribbon-ms</Extensions>
    </Filter>
  </ItemGroup>
  <ItemGroup>
    <ClInclude Include="FruitsPhang.h">
      <Filter>헤더 파일</Filter>
    </ClInclude>
    <ClInclude Include="FruitsPhangDlg.h">
      <Filter>헤더 파일</Filter>
    </ClInclude>
    <ClInclude Include="stdafx.h">
      <Filter>헤더 파일</Filter>
    </ClInclude>
    <ClInclude Include="targetver.h">
      <Filter>헤더 파일</Filter>
    </ClInclude>
    <ClInclude Include="Resource.h">
      <Filter>헤더 파일</Filter>
    </ClInclude>
  </ItemGroup>
  <ItemGroup>
    <ClCompile Include="FruitsPhang.cpp">
      <Filter>소스 파일</Filter>
    </ClCompile>
    <ClCompile Include="FruitsPhangDlg.cpp">
      <Filter>소스 파일</Filter>
    </ClCompile>
    <ClCompile Include="stdafx.cpp">
      <Filter>소스 파일</Filter>
    </ClCompile>
  </ItemGroup>
  <ItemGroup>
    <ResourceCompile Include="FruitsPhang.rc">
      <Filter>리소스 파일</Filter>
    </ResourceCompile>
  </ItemGroup>
  <ItemGroup>
    <None Include="res\FruitsPhang.rc2">
      <Filter>리소스 파일</Filter>
    </None>
  </ItemGroup>
  <ItemGroup>
    <Image Include="res\FruitsPhang.ico">
      <Filter>리소스 파일</Filter>
    </Image>
    <Image Include="..\MFC 산출물\apple.bmp">
      <Filter>리소스 파일</Filter>
    </Image>
    <Image Include="..\MFC 산출물\blueberry.bmp">
      <Filter>리소스 파일</Filter>
    </Image>
    <Image Include="..\MFC 산출물\lemon.bmp">
      <Filter>리소스 파일</Filter>
    </Image>
    <Image Include="..\MFC 산출물\pineapple.bmp">
      <Filter>리소스 파일</Filter>
    </Image>
    <Image Include="..\MFC 산출물\watermelon.bmp">
      <Filter>리소스 파일</Filter>
    </Image>
    <Image Include="..\MFC 산출물\aPhang.bmp">
      <Filter>리소스 파일</Filter>
    </Image>
    <Image Include="..\MFC 산출물\bbPhang.bmp">
      <Filter>리소스 파일</Filter>
    </Image>
    <Image Include="..\MFC 산출물\lPhang.bmp">
      <Filter>리소스 파일</Filter>
    </Image>
    <Image Include="..\MFC 산출물\paPhang.bmp">
      <Filter>리소스 파일</Filter>
    </Image>
    <Image Include="..\MFC 산출물\wmPhang.bmp">
      <Filter>리소스 파일</Filter>
    </Image>
    <Image Include="..\MFC 산출물\BackGround.bmp">
      <Filter>리소스 파일</Filter>
    </Image>
    <Image Include="..\MFC 산출물\BGSide.bmp">
      <Filter>리소스 파일</Filter>
    </Image>
    <Image Include="..\MFC 산출물\ShuffleImage.bmp">
      <Filter>리소스 파일</Filter>
    </Image>
    <Image Include="..\MFC 산출물\StartButton.bmp">
      <Filter>리소스 파일</Filter>
    </Image>
    <Image Include="..\MFC 산출물\StartButtonPress.bmp">
      <Filter>리소스 파일</Filter>
    </Image>
    <Image Include="..\MFC 산출물\NickName.bmp">
      <Filter>리소스 파일</Filter>
    </Image>
    <Image Include="..\MFC 산출물\Ranking.bmp">
      <Filter>리소스 파일</Filter>
    </Image>
    <Image Include="..\MFC 산출물\Score.bmp">
      <Filter>리소스 파일</Filter>
    </Image>
    <Image Include="..\MFC 산출물\title.bmp">
      <Filter>리소스 파일</Filter>
    </Image>
    <Image Include="..\MFC 산출물\load1.bmp">
      <Filter>리소스 파일</Filter>
    </Image>
    <Image Include="..\MFC 산출물\load2.bmp">
      <Filter>리소스 파일</Filter>
    </Image>
    <Image Include="..\MFC 산출물\load3.bmp">
      <Filter>리소스 파일</Filter>
    </Image>
    <Image Include="..\MFC 산출물\load4.bmp">
      <Filter>리소스 파일</Filter>
    </Image>
  </ItemGroup>
  <ItemGroup>
    <Media Include="..\MFC 산출물\BreakTime.wav">
      <Filter>리소스 파일</Filter>
    </Media>
    <Media Include="..\MFC 산출물\PhangSound1.wav">
      <Filter>리소스 파일</Filter>
    </Media>
    <Media Include="..\MFC 산출물\StartSound.wav">
      <Filter>리소스 파일</Filter>
    </Media>
  </ItemGroup>
</Project>